
Microsoft Visual Studio Solution File, Format Version 12.00
# Visual Studio Version 17
VisualStudioVersion = 17.13.35806.99 d17.13
MinimumVisualStudioVersion = 10.0.40219.1
Project("{8BC9CEB8-8B4A-11D0-8D11-00A0C91BC942}") = "prac_3", "prac_3\prac_3.vcxproj", "{DA6DEC9E-2CED-47BF-804B-1BF25EA77CAE}"
EndProject
Global
	GlobalSection(SolutionConfigurationPlatforms) = preSolution
		Debug|x64 = Debug|x64
		Debug|x86 = Debug|x86
		Release|x64 = Release|x64
		Release|x86 = Release|x86
	EndGlobalSection
	GlobalSection(ProjectConfigurationPlatforms) = postSolution
		{DA6DEC9E-2CED-47BF-804B-1BF25EA77CAE}.Debug|x64.ActiveCfg = Debug|x64
		{DA6DEC9E-2CED-47BF-804B-1BF25EA77CAE}.Debug|x64.Build.0 = Debug|x64
		{DA6DEC9E-2CED-47BF-804B-1BF25EA77CAE}.Debug|x86.ActiveCfg = Debug|Win32
		{DA6DEC9E-2CED-47BF-804B-1BF25EA77CAE}.Debug|x86.Build.0 = Debug|Win32
		{DA6DEC9E-2CED-47BF-804B-1BF25EA77CAE}.Release|x64.ActiveCfg = Release|x64
		{DA6DEC9E-2CED-47BF-804B-1BF25EA77CAE}.Release|x64.Build.0 = Release|x64
		{DA6DEC9E-2CED-47BF-804B-1BF25EA77CAE}.Release|x86.ActiveCfg = Release|Win32
		{DA6DEC9E-2CED-47BF-804B-1BF25EA77CAE}.Release|x86.Build.0 = Release|Win32
	EndGlobalSection
	GlobalSection(SolutionProperties) = preSolution
		HideSolutionNode = FALSE
	EndGlobalSection
	GlobalSection(ExtensibilityGlobals) = postSolution
		SolutionGuid = {7CCA280F-EB3C-4950-940C-FC31707EF82F}
	EndGlobalSection
EndGlobal
